
Microsoft Visual Studio Solution File, Format Version 12.00
# Visual Studio Version 17
VisualStudioVersion = 17.3.32825.248
MinimumVisualStudioVersion = 10.0.40219.1
Project("{FAE04EC0-301F-11D3-BF4B-00C04F79EFBC}") = "a1N01572641", "a1N01572641\a1N01572641.csproj", "{0A4DB103-FABD-4B31-BE7A-E5D4A35B7919}"
EndProject
Global
	GlobalSection(SolutionConfigurationPlatforms) = preSolution
		Debug|Any CPU = Debug|Any CPU
		Release|Any CPU = Release|Any CPU
	EndGlobalSection
	GlobalSection(ProjectConfigurationPlatforms) = postSolution
		{0A4DB103-FABD-4B31-BE7A-E5D4A35B7919}.Debug|Any CPU.ActiveCfg = Debug|Any CPU
		{0A4DB103-FABD-4B31-BE7A-E5D4A35B7919}.Debug|Any CPU.Build.0 = Debug|Any CPU
		{0A4DB103-FABD-4B31-BE7A-E5D4A35B7919}.Release|Any CPU.ActiveCfg = Release|Any CPU
		{0A4DB103-FABD-4B31-BE7A-E5D4A35B7919}.Release|Any CPU.Build.0 = Release|Any CPU
	EndGlobalSection
	GlobalSection(SolutionProperties) = preSolution
		HideSolutionNode = FALSE
	EndGlobalSection
	GlobalSection(ExtensibilityGlobals) = postSolution
		SolutionGuid = {CBD05E5C-FD0A-4E57-875C-2A65EF8CF784}
	EndGlobalSection
EndGlobal
